
Microsoft Visual Studio Solution File, Format Version 12.00
# Visual Studio Version 16
VisualStudioVersion = 16.0.29613.14
MinimumVisualStudioVersion = 10.0.40219.1
Project("{FAE04EC0-301F-11D3-BF4B-00C04F79EFBC}") = "Rampa.Android", "Rampa\Rampa.Android\Rampa.Android.csproj", "{0B65CF0E-EBCC-4F19-8063-0A990CD497A7}"
EndProject
Project("{FAE04EC0-301F-11D3-BF4B-00C04F79EFBC}") = "Rampa.iOS", "Rampa\Rampa.iOS\Rampa.iOS.csproj", "{19C75E8C-064F-4438-987A-32F31F04E321}"
EndProject
Project("{FAE04EC0-301F-11D3-BF4B-00C04F79EFBC}") = "Rampa", "Rampa\Rampa\Rampa.csproj", "{4E246FF6-2585-4960-96FB-76A7F80471FB}"
EndProject
Global
	GlobalSection(SolutionConfigurationPlatforms) = preSolution
		Debug|Any CPU = Debug|Any CPU
		Debug|iPhone = Debug|iPhone
		Debug|iPhoneSimulator = Debug|iPhoneSimulator
		Release|Any CPU = Release|Any CPU
		Release|iPhone = Release|iPhone
		Release|iPhoneSimulator = Release|iPhoneSimulator
	EndGlobalSection
	GlobalSection(ProjectConfigurationPlatforms) = postSolution
		{0B65CF0E-EBCC-4F19-8063-0A990CD497A7}.Debug|Any CPU.ActiveCfg = Debug|Any CPU
		{0B65CF0E-EBCC-4F19-8063-0A990CD497A7}.Debug|Any CPU.Build.0 = Debug|Any CPU
		{0B65CF0E-EBCC-4F19-8063-0A990CD497A7}.Debug|Any CPU.Deploy.0 = Debug|Any CPU
		{0B65CF0E-EBCC-4F19-8063-0A990CD497A7}.Debug|iPhone.ActiveCfg = Debug|Any CPU
		{0B65CF0E-EBCC-4F19-8063-0A990CD497A7}.Debug|iPhone.Build.0 = Debug|Any CPU
		{0B65CF0E-EBCC-4F19-8063-0A990CD497A7}.Debug|iPhone.Deploy.0 = Debug|Any CPU
		{0B65CF0E-EBCC-4F19-8063-0A990CD497A7}.Debug|iPhoneSimulator.ActiveCfg = Debug|Any CPU
		{0B65CF0E-EBCC-4F19-8063-0A990CD497A7}.Debug|iPhoneSimulator.Build.0 = Debug|Any CPU
		{0B65CF0E-EBCC-4F19-8063-0A990CD497A7}.Debug|iPhoneSimulator.Deploy.0 = Debug|Any CPU
		{0B65CF0E-EBCC-4F19-8063-0A990CD497A7}.Release|Any CPU.ActiveCfg = Release|Any CPU
		{0B65CF0E-EBCC-4F19-8063-0A990CD497A7}.Release|Any CPU.Build.0 = Release|Any CPU
		{0B65CF0E-EBCC-4F19-8063-0A990CD497A7}.Release|Any CPU.Deploy.0 = Release|Any CPU
		{0B65CF0E-EBCC-4F19-8063-0A990CD497A7}.Release|iPhone.ActiveCfg = Release|Any CPU
		{0B65CF0E-EBCC-4F19-8063-0A990CD497A7}.Release|iPhone.Build.0 = Release|Any CPU
		{0B65CF0E-EBCC-4F19-8063-0A990CD497A7}.Release|iPhone.Deploy.0 = Release|Any CPU
		{0B65CF0E-EBCC-4F19-8063-0A990CD497A7}.Release|iPhoneSimulator.ActiveCfg = Release|Any CPU
		{0B65CF0E-EBCC-4F19-8063-0A990CD497A7}.Release|iPhoneSimulator.Build.0 = Release|Any CPU
		{0B65CF0E-EBCC-4F19-8063-0A990CD497A7}.Release|iPhoneSimulator.Deploy.0 = Release|Any CPU
		{19C75E8C-064F-4438-987A-32F31F04E321}.Debug|Any CPU.ActiveCfg = Debug|iPhoneSimulator
		{19C75E8C-064F-4438-987A-32F31F04E321}.Debug|Any CPU.Build.0 = Debug|iPhoneSimulator
		{19C75E8C-064F-4438-987A-32F31F04E321}.Debug|Any CPU.Deploy.0 = Debug|iPhoneSimulator
		{19C75E8C-064F-4438-987A-32F31F04E321}.Debug|iPhone.ActiveCfg = Debug|iPhone
		{19C75E8C-064F-4438-987A-32F31F04E321}.Debug|iPhone.Build.0 = Debug|iPhone
		{19C75E8C-064F-4438-987A-32F31F04E321}.Debug|iPhone.Deploy.0 = Debug|iPhone
		{19C75E8C-064F-4438-987A-32F31F04E321}.Debug|iPhoneSimulator.ActiveCfg = Debug|iPhoneSimulator
		{19C75E8C-064F-4438-987A-32F31F04E321}.Debug|iPhoneSimulator.Build.0 = Debug|iPhoneSimulator
		{19C75E8C-064F-4438-987A-32F31F04E321}.Debug|iPhoneSimulator.Deploy.0 = Debug|iPhoneSimulator
		{19C75E8C-064F-4438-987A-32F31F04E321}.Release|Any CPU.ActiveCfg = Release|iPhone
		{19C75E8C-064F-4438-987A-32F31F04E321}.Release|Any CPU.Build.0 = Release|iPhone
		{19C75E8C-064F-4438-987A-32F31F04E321}.Release|Any CPU.Deploy.0 = Release|iPhone
		{19C75E8C-064F-4438-987A-32F31F04E321}.Release|iPhone.ActiveCfg = Release|iPhone
		{19C75E8C-064F-4438-987A-32F31F04E321}.Release|iPhone.Build.0 = Release|iPhone
		{19C75E8C-064F-4438-987A-32F31F04E321}.Release|iPhone.Deploy.0 = Release|iPhone
		{19C75E8C-064F-4438-987A-32F31F04E321}.Release|iPhoneSimulator.ActiveCfg = Release|iPhoneSimulator
		{19C75E8C-064F-4438-987A-32F31F04E321}.Release|iPhoneSimulator.Build.0 = Release|iPhoneSimulator
		{19C75E8C-064F-4438-987A-32F31F04E321}.Release|iPhoneSimulator.Deploy.0 = Release|iPhoneSimulator
		{4E246FF6-2585-4960-96FB-76A7F80471FB}.Debug|Any CPU.ActiveCfg = Debug|Any CPU
		{4E246FF6-2585-4960-96FB-76A7F80471FB}.Debug|Any CPU.Build.0 = Debug|Any CPU
		{4E246FF6-2585-4960-96FB-76A7F80471FB}.Debug|Any CPU.Deploy.0 = Debug|Any CPU
		{4E246FF6-2585-4960-96FB-76A7F80471FB}.Debug|iPhone.ActiveCfg = Debug|Any CPU
		{4E246FF6-2585-4960-96FB-76A7F80471FB}.Debug|iPhone.Build.0 = Debug|Any CPU
		{4E246FF6-2585-4960-96FB-76A7F80471FB}.Debug|iPhone.Deploy.0 = Debug|Any CPU
		{4E246FF6-2585-4960-96FB-76A7F80471FB}.Debug|iPhoneSimulator.ActiveCfg = Debug|Any CPU
		{4E246FF6-2585-4960-96FB-76A7F80471FB}.Debug|iPhoneSimulator.Build.0 = Debug|Any CPU
		{4E246FF6-2585-4960-96FB-76A7F80471FB}.Debug|iPhoneSimulator.Deploy.0 = Debug|Any CPU
		{4E246FF6-2585-4960-96FB-76A7F80471FB}.Release|Any CPU.ActiveCfg = Release|Any CPU
		{4E246FF6-2585-4960-96FB-76A7F80471FB}.Release|Any CPU.Build.0 = Release|Any CPU
		{4E246FF6-2585-4960-96FB-76A7F80471FB}.Release|Any CPU.Deploy.0 = Release|Any CPU
		{4E246FF6-2585-4960-96FB-76A7F80471FB}.Release|iPhone.ActiveCfg = Release|Any CPU
		{4E246FF6-2585-4960-96FB-76A7F80471FB}.Release|iPhone.Build.0 = Release|Any CPU
		{4E246FF6-2585-4960-96FB-76A7F80471FB}.Release|iPhone.Deploy.0 = Release|Any CPU
		{4E246FF6-2585-4960-96FB-76A7F80471FB}.Release|iPhoneSimulator.ActiveCfg = Release|Any CPU
		{4E246FF6-2585-4960-96FB-76A7F80471FB}.Release|iPhoneSimulator.Build.0 = Release|Any CPU
		{4E246FF6-2585-4960-96FB-76A7F80471FB}.Release|iPhoneSimulator.Deploy.0 = Release|Any CPU
	EndGlobalSection
	GlobalSection(SolutionProperties) = preSolution
		HideSolutionNode = FALSE
	EndGlobalSection
	GlobalSection(ExtensibilityGlobals) = postSolution
		SolutionGuid = {6F92E1D9-0E66-45A2-83D5-8784EC8A9C42}
	EndGlobalSection
EndGlobal
